// !$*UTF8*$!
{
	archiveVersion = 1;
	classes = {
	};
	objectVersion = 51;
	objects = {

/* Begin PBXBuildFile section */
		49D8DE58E4F69FA423DA5800 /* Pods_AppStoreJSONApis.framework in Frameworks */ = {isa = PBXBuildFile; fileRef = D1A3725E51D2A5DC20BA7501 /* Pods_AppStoreJSONApis.framework */; };
		C408D701265537EB00FC10DF /* AppsPageController.swift in Sources */ = {isa = PBXBuildFile; fileRef = C408D700265537EB00FC10DF /* AppsPageController.swift */; };
		C408D7032655398C00FC10DF /* BaseListController.swift in Sources */ = {isa = PBXBuildFile; fileRef = C408D7022655398C00FC10DF /* BaseListController.swift */; };
		C4522B972653EC140099CFE6 /* SearchResultCell.swift in Sources */ = {isa = PBXBuildFile; fileRef = C4522B962653EC140099CFE6 /* SearchResultCell.swift */; };
		C4522B9A265400B40099CFE6 /* 05_UIView+Layout.swift in Sources */ = {isa = PBXBuildFile; fileRef = C4522B99265400B40099CFE6 /* 05_UIView+Layout.swift */; };
		C4522B9C26541CF30099CFE6 /* VerticalStackView.swift in Sources */ = {isa = PBXBuildFile; fileRef = C4522B9B26541CF30099CFE6 /* VerticalStackView.swift */; };
		C4522B9F265430EC0099CFE6 /* SearchResult.swift in Sources */ = {isa = PBXBuildFile; fileRef = C4522B9E265430EC0099CFE6 /* SearchResult.swift */; };
		C4522BA2265439AA0099CFE6 /* APIService.swift in Sources */ = {isa = PBXBuildFile; fileRef = C4522BA1265439AA0099CFE6 /* APIService.swift */; };
		C463EF3F26558B97003AA332 /* AppRowCell.swift in Sources */ = {isa = PBXBuildFile; fileRef = C463EF3E26558B97003AA332 /* AppRowCell.swift */; };
		C463EF4126558C81003AA332 /* Extensions.swift in Sources */ = {isa = PBXBuildFile; fileRef = C463EF4026558C81003AA332 /* Extensions.swift */; };
		C48EEEF326531E8900E13088 /* AppDelegate.swift in Sources */ = {isa = PBXBuildFile; fileRef = C48EEEF226531E8900E13088 /* AppDelegate.swift */; };
		C48EEEF526531E8900E13088 /* SceneDelegate.swift in Sources */ = {isa = PBXBuildFile; fileRef = C48EEEF426531E8900E13088 /* SceneDelegate.swift */; };
		C48EEEF726531E8900E13088 /* ViewController.swift in Sources */ = {isa = PBXBuildFile; fileRef = C48EEEF626531E8900E13088 /* ViewController.swift */; };
		C48EEEFA26531E8900E13088 /* Main.storyboard in Resources */ = {isa = PBXBuildFile; fileRef = C48EEEF826531E8900E13088 /* Main.storyboard */; };
		C48EEEFC26531E8B00E13088 /* Assets.xcassets in Resources */ = {isa = PBXBuildFile; fileRef = C48EEEFB26531E8B00E13088 /* Assets.xcassets */; };
		C48EEEFF26531E8B00E13088 /* LaunchScreen.storyboard in Resources */ = {isa = PBXBuildFile; fileRef = C48EEEFD26531E8B00E13088 /* LaunchScreen.storyboard */; };
		C48EEF0726531F5700E13088 /* BaseTabBarController.swift in Sources */ = {isa = PBXBuildFile; fileRef = C48EEF0626531F5700E13088 /* BaseTabBarController.swift */; };
		C48EEF0A265337C800E13088 /* AppsSearchController.swift in Sources */ = {isa = PBXBuildFile; fileRef = C48EEF09265337C800E13088 /* AppsSearchController.swift */; };
		C4FBBD6026553DC4006FE1E3 /* AppsGroupCell.swift in Sources */ = {isa = PBXBuildFile; fileRef = C4FBBD5F26553DC4006FE1E3 /* AppsGroupCell.swift */; };
		C4FBBD62265549E6006FE1E3 /* AppsHorizontalController.swift in Sources */ = {isa = PBXBuildFile; fileRef = C4FBBD61265549E6006FE1E3 /* AppsHorizontalController.swift */; };
/* End PBXBuildFile section */

/* Begin PBXFileReference section */
		881076611F52C7FF0B79E405 /* Pods-AppStoreJSONApis.debug.xcconfig */ = {isa = PBXFileReference; includeInIndex = 1; lastKnownFileType = text.xcconfig; name = "Pods-AppStoreJSONApis.debug.xcconfig"; path = "Target Support Files/Pods-AppStoreJSONApis/Pods-AppStoreJSONApis.debug.xcconfig"; sourceTree = "<group>"; };
		C408D700265537EB00FC10DF /* AppsPageController.swift */ = {isa = PBXFileReference; lastKnownFileType = sourcecode.swift; path = AppsPageController.swift; sourceTree = "<group>"; };
		C408D7022655398C00FC10DF /* BaseListController.swift */ = {isa = PBXFileReference; lastKnownFileType = sourcecode.swift; path = BaseListController.swift; sourceTree = "<group>"; };
		C4522B962653EC140099CFE6 /* SearchResultCell.swift */ = {isa = PBXFileReference; lastKnownFileType = sourcecode.swift; path = SearchResultCell.swift; sourceTree = "<group>"; };
		C4522B99265400B40099CFE6 /* 05_UIView+Layout.swift */ = {isa = PBXFileReference; fileEncoding = 4; lastKnownFileType = sourcecode.swift; path = "05_UIView+Layout.swift"; sourceTree = "<group>"; };
		C4522B9B26541CF30099CFE6 /* VerticalStackView.swift */ = {isa = PBXFileReference; lastKnownFileType = sourcecode.swift; path = VerticalStackView.swift; sourceTree = "<group>"; };
		C4522B9E265430EC0099CFE6 /* SearchResult.swift */ = {isa = PBXFileReference; lastKnownFileType = sourcecode.swift; path = SearchResult.swift; sourceTree = "<group>"; };
		C4522BA1265439AA0099CFE6 /* APIService.swift */ = {isa = PBXFileReference; lastKnownFileType = sourcecode.swift; path = APIService.swift; sourceTree = "<group>"; };
		C463EF3E26558B97003AA332 /* AppRowCell.swift */ = {isa = PBXFileReference; lastKnownFileType = sourcecode.swift; path = AppRowCell.swift; sourceTree = "<group>"; };
		C463EF4026558C81003AA332 /* Extensions.swift */ = {isa = PBXFileReference; lastKnownFileType = sourcecode.swift; path = Extensions.swift; sourceTree = "<group>"; };
		C48EEEEF26531E8900E13088 /* AppStoreJSONApis.app */ = {isa = PBXFileReference; explicitFileType = wrapper.application; includeInIndex = 0; path = AppStoreJSONApis.app; sourceTree = BUILT_PRODUCTS_DIR; };
		C48EEEF226531E8900E13088 /* AppDelegate.swift */ = {isa = PBXFileReference; lastKnownFileType = sourcecode.swift; path = AppDelegate.swift; sourceTree = "<group>"; };
		C48EEEF426531E8900E13088 /* SceneDelegate.swift */ = {isa = PBXFileReference; lastKnownFileType = sourcecode.swift; path = SceneDelegate.swift; sourceTree = "<group>"; };
		C48EEEF626531E8900E13088 /* ViewController.swift */ = {isa = PBXFileReference; lastKnownFileType = sourcecode.swift; path = ViewController.swift; sourceTree = "<group>"; };
		C48EEEF926531E8900E13088 /* Base */ = {isa = PBXFileReference; lastKnownFileType = file.storyboard; name = Base; path = Base.lproj/Main.storyboard; sourceTree = "<group>"; };
		C48EEEFB26531E8B00E13088 /* Assets.xcassets */ = {isa = PBXFileReference; lastKnownFileType = folder.assetcatalog; path = Assets.xcassets; sourceTree = "<group>"; };
		C48EEEFE26531E8B00E13088 /* Base */ = {isa = PBXFileReference; lastKnownFileType = file.storyboard; name = Base; path = Base.lproj/LaunchScreen.storyboard; sourceTree = "<group>"; };
		C48EEF0026531E8B00E13088 /* Info.plist */ = {isa = PBXFileReference; lastKnownFileType = text.plist.xml; path = Info.plist; sourceTree = "<group>"; };
		C48EEF0626531F5700E13088 /* BaseTabBarController.swift */ = {isa = PBXFileReference; lastKnownFileType = sourcecode.swift; path = BaseTabBarController.swift; sourceTree = "<group>"; };
		C48EEF09265337C800E13088 /* AppsSearchController.swift */ = {isa = PBXFileReference; lastKnownFileType = sourcecode.swift; path = AppsSearchController.swift; sourceTree = "<group>"; };
		C4FBBD5F26553DC4006FE1E3 /* AppsGroupCell.swift */ = {isa = PBXFileReference; lastKnownFileType = sourcecode.swift; path = AppsGroupCell.swift; sourceTree = "<group>"; };
		C4FBBD61265549E6006FE1E3 /* AppsHorizontalController.swift */ = {isa = PBXFileReference; lastKnownFileType = sourcecode.swift; path = AppsHorizontalController.swift; sourceTree = "<group>"; };
		C6C3758F3D03BAF9B089C1D9 /* Pods-AppStoreJSONApis.release.xcconfig */ = {isa = PBXFileReference; includeInIndex = 1; lastKnownFileType = text.xcconfig; name = "Pods-AppStoreJSONApis.release.xcconfig"; path = "Target Support Files/Pods-AppStoreJSONApis/Pods-AppStoreJSONApis.release.xcconfig"; sourceTree = "<group>"; };
		D1A3725E51D2A5DC20BA7501 /* Pods_AppStoreJSONApis.framework */ = {isa = PBXFileReference; explicitFileType = wrapper.framework; includeInIndex = 0; path = Pods_AppStoreJSONApis.framework; sourceTree = BUILT_PRODUCTS_DIR; };
/* End PBXFileReference section */

/* Begin PBXFrameworksBuildPhase section */
		C48EEEEC26531E8900E13088 /* Frameworks */ = {
			isa = PBXFrameworksBuildPhase;
			buildActionMask = 2147483647;
			files = (
				49D8DE58E4F69FA423DA5800 /* Pods_AppStoreJSONApis.framework in Frameworks */,
			);
			runOnlyForDeploymentPostprocessing = 0;
		};
/* End PBXFrameworksBuildPhase section */

/* Begin PBXGroup section */
		305FB578BDD79F25BF8D683A /* Pods */ = {
			isa = PBXGroup;
			children = (
				881076611F52C7FF0B79E405 /* Pods-AppStoreJSONApis.debug.xcconfig */,
				C6C3758F3D03BAF9B089C1D9 /* Pods-AppStoreJSONApis.release.xcconfig */,
			);
			path = Pods;
			sourceTree = "<group>";
		};
		C408D70426553A1800FC10DF /* Apps */ = {
			isa = PBXGroup;
			children = (
				C408D700265537EB00FC10DF /* AppsPageController.swift */,
				C4FBBD61265549E6006FE1E3 /* AppsHorizontalController.swift */,
			);
			path = Apps;
			sourceTree = "<group>";
		};
		C408D70526553A1D00FC10DF /* Search */ = {
			isa = PBXGroup;
			children = (
				C48EEF09265337C800E13088 /* AppsSearchController.swift */,
			);
			path = Search;
			sourceTree = "<group>";
		};
		C4522B952653EBDD0099CFE6 /* Views */ = {
			isa = PBXGroup;
			children = (
				C4FBBD5E26553D9A006FE1E3 /* Apps */,
				C4FBBD5D26553D8F006FE1E3 /* Search */,
			);
			path = Views;
			sourceTree = "<group>";
		};
		C4522B98265400A40099CFE6 /* Helpers */ = {
			isa = PBXGroup;
			children = (
				C4522B99265400B40099CFE6 /* 05_UIView+Layout.swift */,
				C4522B9B26541CF30099CFE6 /* VerticalStackView.swift */,
				C463EF4026558C81003AA332 /* Extensions.swift */,
			);
			path = Helpers;
			sourceTree = "<group>";
		};
		C4522B9D265430D50099CFE6 /* Model */ = {
			isa = PBXGroup;
			children = (
				C4522B9E265430EC0099CFE6 /* SearchResult.swift */,
			);
			path = Model;
			sourceTree = "<group>";
		};
		C4522BA0265439830099CFE6 /* Service */ = {
			isa = PBXGroup;
			children = (
				C4522BA1265439AA0099CFE6 /* APIService.swift */,
			);
			path = Service;
			sourceTree = "<group>";
		};
		C48EEEE626531E8900E13088 = {
			isa = PBXGroup;
			children = (
				C48EEEF126531E8900E13088 /* AppStoreJSONApis */,
				C48EEEF026531E8900E13088 /* Products */,
				305FB578BDD79F25BF8D683A /* Pods */,
				E6AE2E992563A10355A22A0D /* Frameworks */,
			);
			sourceTree = "<group>";
		};
		C48EEEF026531E8900E13088 /* Products */ = {
			isa = PBXGroup;
			children = (
				C48EEEEF26531E8900E13088 /* AppStoreJSONApis.app */,
			);
			name = Products;
			sourceTree = "<group>";
		};
		C48EEEF126531E8900E13088 /* AppStoreJSONApis */ = {
			isa = PBXGroup;
			children = (
				C4522BA0265439830099CFE6 /* Service */,
				C4522B9D265430D50099CFE6 /* Model */,
				C4522B98265400A40099CFE6 /* Helpers */,
				C4522B952653EBDD0099CFE6 /* Views */,
				C48EEF082653375100E13088 /* Controllers */,
				C48EEEF226531E8900E13088 /* AppDelegate.swift */,
				C48EEEF426531E8900E13088 /* SceneDelegate.swift */,
				C48EEEF626531E8900E13088 /* ViewController.swift */,
				C48EEEF826531E8900E13088 /* Main.storyboard */,
				C48EEEFB26531E8B00E13088 /* Assets.xcassets */,
				C48EEEFD26531E8B00E13088 /* LaunchScreen.storyboard */,
				C48EEF0026531E8B00E13088 /* Info.plist */,
			);
			path = AppStoreJSONApis;
			sourceTree = "<group>";
		};
		C48EEF082653375100E13088 /* Controllers */ = {
			isa = PBXGroup;
			children = (
				C408D70526553A1D00FC10DF /* Search */,
				C408D70426553A1800FC10DF /* Apps */,
				C48EEF0626531F5700E13088 /* BaseTabBarController.swift */,
				C408D7022655398C00FC10DF /* BaseListController.swift */,
			);
			path = Controllers;
			sourceTree = "<group>";
		};
		C4FBBD5D26553D8F006FE1E3 /* Search */ = {
			isa = PBXGroup;
			children = (
				C4522B962653EC140099CFE6 /* SearchResultCell.swift */,
			);
			path = Search;
			sourceTree = "<group>";
		};
		C4FBBD5E26553D9A006FE1E3 /* Apps */ = {
			isa = PBXGroup;
			children = (
				C4FBBD5F26553DC4006FE1E3 /* AppsGroupCell.swift */,
				C463EF3E26558B97003AA332 /* AppRowCell.swift */,
			);
			path = Apps;
			sourceTree = "<group>";
		};
		E6AE2E992563A10355A22A0D /* Frameworks */ = {
			isa = PBXGroup;
			children = (
				D1A3725E51D2A5DC20BA7501 /* Pods_AppStoreJSONApis.framework */,
			);
			name = Frameworks;
			sourceTree = "<group>";
		};
/* End PBXGroup section */

/* Begin PBXNativeTarget section */
		C48EEEEE26531E8900E13088 /* AppStoreJSONApis */ = {
			isa = PBXNativeTarget;
			buildConfigurationList = C48EEF0326531E8B00E13088 /* Build configuration list for PBXNativeTarget "AppStoreJSONApis" */;
			buildPhases = (
				1DD268E88DD3B4E051A19DAF /* [CP] Check Pods Manifest.lock */,
				C48EEEEB26531E8900E13088 /* Sources */,
				C48EEEEC26531E8900E13088 /* Frameworks */,
				C48EEEED26531E8900E13088 /* Resources */,
				08CB0D6F4916775047031B00 /* [CP] Embed Pods Frameworks */,
			);
			buildRules = (
			);
			dependencies = (
			);
			name = AppStoreJSONApis;
			productName = AppStoreJSONApis;
			productReference = C48EEEEF26531E8900E13088 /* AppStoreJSONApis.app */;
			productType = "com.apple.product-type.application";
		};
/* End PBXNativeTarget section */

/* Begin PBXProject section */
		C48EEEE726531E8900E13088 /* Project object */ = {
			isa = PBXProject;
			attributes = {
				LastSwiftUpdateCheck = 1120;
				LastUpgradeCheck = 1120;
				ORGANIZATIONNAME = "Mostafa Zidan";
				TargetAttributes = {
					C48EEEEE26531E8900E13088 = {
						CreatedOnToolsVersion = 11.2.1;
					};
				};
			};
			buildConfigurationList = C48EEEEA26531E8900E13088 /* Build configuration list for PBXProject "AppStoreJSONApis" */;
			compatibilityVersion = "Xcode 9.3";
			developmentRegion = en;
			hasScannedForEncodings = 0;
			knownRegions = (
				en,
				Base,
			);
			mainGroup = C48EEEE626531E8900E13088;
			productRefGroup = C48EEEF026531E8900E13088 /* Products */;
			projectDirPath = "";
			projectRoot = "";
			targets = (
				C48EEEEE26531E8900E13088 /* AppStoreJSONApis */,
			);
		};
/* End PBXProject section */

/* Begin PBXResourcesBuildPhase section */
		C48EEEED26531E8900E13088 /* Resources */ = {
			isa = PBXResourcesBuildPhase;
			buildActionMask = 2147483647;
			files = (
				C48EEEFF26531E8B00E13088 /* LaunchScreen.storyboard in Resources */,
				C48EEEFC26531E8B00E13088 /* Assets.xcassets in Resources */,
				C48EEEFA26531E8900E13088 /* Main.storyboard in Resources */,
			);
			runOnlyForDeploymentPostprocessing = 0;
		};
/* End PBXResourcesBuildPhase section */

/* Begin PBXShellScriptBuildPhase section */
		08CB0D6F4916775047031B00 /* [CP] Embed Pods Frameworks */ = {
			isa = PBXShellScriptBuildPhase;
			buildActionMask = 2147483647;
			files = (
			);
			inputFileListPaths = (
				"${PODS_ROOT}/Target Support Files/Pods-AppStoreJSONApis/Pods-AppStoreJSONApis-frameworks-${CONFIGURATION}-input-files.xcfilelist",
			);
			name = "[CP] Embed Pods Frameworks";
			outputFileListPaths = (
				"${PODS_ROOT}/Target Support Files/Pods-AppStoreJSONApis/Pods-AppStoreJSONApis-frameworks-${CONFIGURATION}-output-files.xcfilelist",
			);
			runOnlyForDeploymentPostprocessing = 0;
			shellPath = /bin/sh;
			shellScript = "\"${PODS_ROOT}/Target Support Files/Pods-AppStoreJSONApis/Pods-AppStoreJSONApis-frameworks.sh\"\n";
			showEnvVarsInLog = 0;
		};
		1DD268E88DD3B4E051A19DAF /* [CP] Check Pods Manifest.lock */ = {
			isa = PBXShellScriptBuildPhase;
			buildActionMask = 2147483647;
			files = (
			);
			inputFileListPaths = (
			);
			inputPaths = (
				"${PODS_PODFILE_DIR_PATH}/Podfile.lock",
				"${PODS_ROOT}/Manifest.lock",
			);
			name = "[CP] Check Pods Manifest.lock";
			outputFileListPaths = (
			);
			outputPaths = (
				"$(DERIVED_FILE_DIR)/Pods-AppStoreJSONApis-checkManifestLockResult.txt",
			);
			runOnlyForDeploymentPostprocessing = 0;
			shellPath = /bin/sh;
			shellScript = "diff \"${PODS_PODFILE_DIR_PATH}/Podfile.lock\" \"${PODS_ROOT}/Manifest.lock\" > /dev/null\nif [ $? != 0 ] ; then\n    # print error to STDERR\n    echo \"error: The sandbox is not in sync with the Podfile.lock. Run 'pod install' or update your CocoaPods installation.\" >&2\n    exit 1\nfi\n# This output is used by Xcode 'outputs' to avoid re-running this script phase.\necho \"SUCCESS\" > \"${SCRIPT_OUTPUT_FILE_0}\"\n";
			showEnvVarsInLog = 0;
		};
/* End PBXShellScriptBuildPhase section */

/* Begin PBXSourcesBuildPhase section */
		C48EEEEB26531E8900E13088 /* Sources */ = {
			isa = PBXSourcesBuildPhase;
			buildActionMask = 2147483647;
			files = (
				C4522B9A265400B40099CFE6 /* 05_UIView+Layout.swift in Sources */,
				C408D701265537EB00FC10DF /* AppsPageController.swift in Sources */,
				C4522B9F265430EC0099CFE6 /* SearchResult.swift in Sources */,
				C48EEF0726531F5700E13088 /* BaseTabBarController.swift in Sources */,
				C48EEEF726531E8900E13088 /* ViewController.swift in Sources */,
				C48EEEF326531E8900E13088 /* AppDelegate.swift in Sources */,
				C4FBBD6026553DC4006FE1E3 /* AppsGroupCell.swift in Sources */,
				C48EEF0A265337C800E13088 /* AppsSearchController.swift in Sources */,
				C4522BA2265439AA0099CFE6 /* APIService.swift in Sources */,
				C4522B9C26541CF30099CFE6 /* VerticalStackView.swift in Sources */,
				C4522B972653EC140099CFE6 /* SearchResultCell.swift in Sources */,
				C463EF4126558C81003AA332 /* Extensions.swift in Sources */,
				C408D7032655398C00FC10DF /* BaseListController.swift in Sources */,
				C48EEEF526531E8900E13088 /* SceneDelegate.swift in Sources */,
				C4FBBD62265549E6006FE1E3 /* AppsHorizontalController.swift in Sources */,
				C463EF3F26558B97003AA332 /* AppRowCell.swift in Sources */,
			);
			runOnlyForDeploymentPostprocessing = 0;
		};
/* End PBXSourcesBuildPhase section */

/* Begin PBXVariantGroup section */
		C48EEEF826531E8900E13088 /* Main.storyboard */ = {
			isa = PBXVariantGroup;
			children = (
				C48EEEF926531E8900E13088 /* Base */,
			);
			name = Main.storyboard;
			sourceTree = "<group>";
		};
		C48EEEFD26531E8B00E13088 /* LaunchScreen.storyboard */ = {
			isa = PBXVariantGroup;
			children = (
				C48EEEFE26531E8B00E13088 /* Base */,
			);
			name = LaunchScreen.storyboard;
			sourceTree = "<group>";
		};
/* End PBXVariantGroup section */

/* Begin XCBuildConfiguration section */
		C48EEF0126531E8B00E13088 /* Debug */ = {
			isa = XCBuildConfiguration;
			buildSettings = {
				ALWAYS_SEARCH_USER_PATHS = NO;
				CLANG_ANALYZER_NONNULL = YES;
				CLANG_ANALYZER_NUMBER_OBJECT_CONVERSION = YES_AGGRESSIVE;
				CLANG_CXX_LANGUAGE_STANDARD = "gnu++14";
				CLANG_CXX_LIBRARY = "libc++";
				CLANG_ENABLE_MODULES = YES;
				CLANG_ENABLE_OBJC_ARC = YES;
				CLANG_ENABLE_OBJC_WEAK = YES;
				CLANG_WARN_BLOCK_CAPTURE_AUTORELEASING = YES;
				CLANG_WARN_BOOL_CONVERSION = YES;
				CLANG_WARN_COMMA = YES;
				CLANG_WARN_CONSTANT_CONVERSION = YES;
				CLANG_WARN_DEPRECATED_OBJC_IMPLEMENTATIONS = YES;
				CLANG_WARN_DIRECT_OBJC_ISA_USAGE = YES_ERROR;
				CLANG_WARN_DOCUMENTATION_COMMENTS = YES;
				CLANG_WARN_EMPTY_BODY = YES;
				CLANG_WARN_ENUM_CONVERSION = YES;
				CLANG_WARN_INFINITE_RECURSION = YES;
				CLANG_WARN_INT_CONVERSION = YES;
				CLANG_WARN_NON_LITERAL_NULL_CONVERSION = YES;
				CLANG_WARN_OBJC_IMPLICIT_RETAIN_SELF = YES;
				CLANG_WARN_OBJC_LITERAL_CONVERSION = YES;
				CLANG_WARN_OBJC_ROOT_CLASS = YES_ERROR;
				CLANG_WARN_RANGE_LOOP_ANALYSIS = YES;
				CLANG_WARN_STRICT_PROTOTYPES = YES;
				CLANG_WARN_SUSPICIOUS_MOVE = YES;
				CLANG_WARN_UNGUARDED_AVAILABILITY = YES_AGGRESSIVE;
				CLANG_WARN_UNREACHABLE_CODE = YES;
				CLANG_WARN__DUPLICATE_METHOD_MATCH = YES;
				COPY_PHASE_STRIP = NO;
				DEBUG_INFORMATION_FORMAT = dwarf;
				ENABLE_STRICT_OBJC_MSGSEND = YES;
				ENABLE_TESTABILITY = YES;
				GCC_C_LANGUAGE_STANDARD = gnu11;
				GCC_DYNAMIC_NO_PIC = NO;
				GCC_NO_COMMON_BLOCKS = YES;
				GCC_OPTIMIZATION_LEVEL = 0;
				GCC_PREPROCESSOR_DEFINITIONS = (
					"DEBUG=1",
					"$(inherited)",
				);
				GCC_WARN_64_TO_32_BIT_CONVERSION = YES;
				GCC_WARN_ABOUT_RETURN_TYPE = YES_ERROR;
				GCC_WARN_UNDECLARED_SELECTOR = YES;
				GCC_WARN_UNINITIALIZED_AUTOS = YES_AGGRESSIVE;
				GCC_WARN_UNUSED_FUNCTION = YES;
				GCC_WARN_UNUSED_VARIABLE = YES;
				IPHONEOS_DEPLOYMENT_TARGET = 13.2;
				MTL_ENABLE_DEBUG_INFO = INCLUDE_SOURCE;
				MTL_FAST_MATH = YES;
				ONLY_ACTIVE_ARCH = YES;
				SDKROOT = iphoneos;
				SWIFT_ACTIVE_COMPILATION_CONDITIONS = DEBUG;
				SWIFT_OPTIMIZATION_LEVEL = "-Onone";
			};
			name = Debug;
		};
		C48EEF0226531E8B00E13088 /* Release */ = {
			isa = XCBuildConfiguration;
			buildSettings = {
				ALWAYS_SEARCH_USER_PATHS = NO;
				CLANG_ANALYZER_NONNULL = YES;
				CLANG_ANALYZER_NUMBER_OBJECT_CONVERSION = YES_AGGRESSIVE;
				CLANG_CXX_LANGUAGE_STANDARD = "gnu++14";
				CLANG_CXX_LIBRARY = "libc++";
				CLANG_ENABLE_MODULES = YES;
				CLANG_ENABLE_OBJC_ARC = YES;
				CLANG_ENABLE_OBJC_WEAK = YES;
				CLANG_WARN_BLOCK_CAPTURE_AUTORELEASING = YES;
				CLANG_WARN_BOOL_CONVERSION = YES;
				CLANG_WARN_COMMA = YES;
				CLANG_WARN_CONSTANT_CONVERSION = YES;
				CLANG_WARN_DEPRECATED_OBJC_IMPLEMENTATIONS = YES;
				CLANG_WARN_DIRECT_OBJC_ISA_USAGE = YES_ERROR;
				CLANG_WARN_DOCUMENTATION_COMMENTS = YES;
				CLANG_WARN_EMPTY_BODY = YES;
				CLANG_WARN_ENUM_CONVERSION = YES;
				CLANG_WARN_INFINITE_RECURSION = YES;
				CLANG_WARN_INT_CONVERSION = YES;
				CLANG_WARN_NON_LITERAL_NULL_CONVERSION = YES;
				CLANG_WARN_OBJC_IMPLICIT_RETAIN_SELF = YES;
				CLANG_WARN_OBJC_LITERAL_CONVERSION = YES;
				CLANG_WARN_OBJC_ROOT_CLASS = YES_ERROR;
				CLANG_WARN_RANGE_LOOP_ANALYSIS = YES;
				CLANG_WARN_STRICT_PROTOTYPES = YES;
				CLANG_WARN_SUSPICIOUS_MOVE = YES;
				CLANG_WARN_UNGUARDED_AVAILABILITY = YES_AGGRESSIVE;
				CLANG_WARN_UNREACHABLE_CODE = YES;
				CLANG_WARN__DUPLICATE_METHOD_MATCH = YES;
				COPY_PHASE_STRIP = NO;
				DEBUG_INFORMATION_FORMAT = "dwarf-with-dsym";
				ENABLE_NS_ASSERTIONS = NO;
				ENABLE_STRICT_OBJC_MSGSEND = YES;
				GCC_C_LANGUAGE_STANDARD = gnu11;
				GCC_NO_COMMON_BLOCKS = YES;
				GCC_WARN_64_TO_32_BIT_CONVERSION = YES;
				GCC_WARN_ABOUT_RETURN_TYPE = YES_ERROR;
				GCC_WARN_UNDECLARED_SELECTOR = YES;
				GCC_WARN_UNINITIALIZED_AUTOS = YES_AGGRESSIVE;
				GCC_WARN_UNUSED_FUNCTION = YES;
				GCC_WARN_UNUSED_VARIABLE = YES;
				IPHONEOS_DEPLOYMENT_TARGET = 13.2;
				MTL_ENABLE_DEBUG_INFO = NO;
				MTL_FAST_MATH = YES;
				SDKROOT = iphoneos;
				SWIFT_COMPILATION_MODE = wholemodule;
				SWIFT_OPTIMIZATION_LEVEL = "-O";
				VALIDATE_PRODUCT = YES;
			};
			name = Release;
		};
		C48EEF0426531E8B00E13088 /* Debug */ = {
			isa = XCBuildConfiguration;
			baseConfigurationReference = 881076611F52C7FF0B79E405 /* Pods-AppStoreJSONApis.debug.xcconfig */;
			buildSettings = {
				ASSETCATALOG_COMPILER_APPICON_NAME = AppIcon;
				CODE_SIGN_STYLE = Automatic;
				DEVELOPMENT_TEAM = 9BJ996NN86;
				INFOPLIST_FILE = AppStoreJSONApis/Info.plist;
				LD_RUNPATH_SEARCH_PATHS = (
					"$(inherited)",
					"@executable_path/Frameworks",
				);
				PRODUCT_BUNDLE_IDENTIFIER = com.zidan.AppStoreJSONApis;
				PRODUCT_NAME = "$(TARGET_NAME)";
				SWIFT_VERSION = 5.0;
				TARGETED_DEVICE_FAMILY = "1,2";
			};
			name = Debug;
		};
		C48EEF0526531E8B00E13088 /* Release */ = {
			isa = XCBuildConfiguration;
			baseConfigurationReference = C6C3758F3D03BAF9B089C1D9 /* Pods-AppStoreJSONApis.release.xcconfig */;
			buildSettings = {
				ASSETCATALOG_COMPILER_APPICON_NAME = AppIcon;
				CODE_SIGN_STYLE = Automatic;
				DEVELOPMENT_TEAM = 9BJ996NN86;
				INFOPLIST_FILE = AppStoreJSONApis/Info.plist;
				LD_RUNPATH_SEARCH_PATHS = (
					"$(inherited)",
					"@executable_path/Frameworks",
				);
				PRODUCT_BUNDLE_IDENTIFIER = com.zidan.AppStoreJSONApis;
				PRODUCT_NAME = "$(TARGET_NAME)";
				SWIFT_VERSION = 5.0;
				TARGETED_DEVICE_FAMILY = "1,2";
			};
			name = Release;
		};
/* End XCBuildConfiguration section */

/* Begin XCConfigurationList section */
		C48EEEEA26531E8900E13088 /* Build configuration list for PBXProject "AppStoreJSONApis" */ = {
			isa = XCConfigurationList;
			buildConfigurations = (
				C48EEF0126531E8B00E13088 /* Debug */,
				C48EEF0226531E8B00E13088 /* Release */,
			);
			defaultConfigurationIsVisible = 0;
			defaultConfigurationName = Release;
		};
		C48EEF0326531E8B00E13088 /* Build configuration list for PBXNativeTarget "AppStoreJSONApis" */ = {
			isa = XCConfigurationList;
			buildConfigurations = (
				C48EEF0426531E8B00E13088 /* Debug */,
				C48EEF0526531E8B00E13088 /* Release */,
			);
			defaultConfigurationIsVisible = 0;
			defaultConfigurationName = Release;
		};
/* End XCConfigurationList section */
	};
	rootObject = C48EEEE726531E8900E13088 /* Project object */;
}
